# THIS IS AN AUTOGENERATED FILE. DO NOT EDIT THIS FILE DIRECTLY.
# yarn lockfile v1


react-simple-sidenav@^2.0.0:
  version "2.0.0"
  resolved "https://registry.yarnpkg.com/react-simple-sidenav/-/react-simple-sidenav-2.0.0.tgz#99d2ca11faab5ae2aef9ee24d4b8a83553b140b6"
  integrity sha512-k/lIo1SyTxHAfSMa9hJ+ShcN3innV4yXUcDgzeo3DHjcZgrEejO9H9pv2ENxFPk4ClCEwJ2izfi4WLFoki/XGw==
